
Microsoft Visual Studio Solution File, Format Version 12.00
# Visual Studio Version 16
VisualStudioVersion = 16.0.30517.126
MinimumVisualStudioVersion = 10.0.40219.1
Project("{FAE04EC0-301F-11D3-BF4B-00C04F79EFBC}") = "LibraryApi", "LibraryApi\LibraryApi.csproj", "{B48E492A-7F96-45EE-BBC9-E4395462422D}"
EndProject
Project("{FAE04EC0-301F-11D3-BF4B-00C04F79EFBC}") = "LibraryApiIntegrationTests", "LibraryApiIntegrationTests\LibraryApiIntegrationTests.csproj", "{C573CBE8-28D4-4189-988D-19C1B56FE352}"
EndProject
Global
	GlobalSection(SolutionConfigurationPlatforms) = preSolution
		Debug|Any CPU = Debug|Any CPU
		Release|Any CPU = Release|Any CPU
	EndGlobalSection
	GlobalSection(ProjectConfigurationPlatforms) = postSolution
		{B48E492A-7F96-45EE-BBC9-E4395462422D}.Debug|Any CPU.ActiveCfg = Debug|Any CPU
		{B48E492A-7F96-45EE-BBC9-E4395462422D}.Debug|Any CPU.Build.0 = Debug|Any CPU
		{B48E492A-7F96-45EE-BBC9-E4395462422D}.Release|Any CPU.ActiveCfg = Release|Any CPU
		{B48E492A-7F96-45EE-BBC9-E4395462422D}.Release|Any CPU.Build.0 = Release|Any CPU
		{C573CBE8-28D4-4189-988D-19C1B56FE352}.Debug|Any CPU.ActiveCfg = Debug|Any CPU
		{C573CBE8-28D4-4189-988D-19C1B56FE352}.Debug|Any CPU.Build.0 = Debug|Any CPU
		{C573CBE8-28D4-4189-988D-19C1B56FE352}.Release|Any CPU.ActiveCfg = Release|Any CPU
		{C573CBE8-28D4-4189-988D-19C1B56FE352}.Release|Any CPU.Build.0 = Release|Any CPU
	EndGlobalSection
	GlobalSection(SolutionProperties) = preSolution
		HideSolutionNode = FALSE
	EndGlobalSection
	GlobalSection(ExtensibilityGlobals) = postSolution
		SolutionGuid = {C15331FA-9B88-472F-8F69-49346E56231D}
	EndGlobalSection
EndGlobal
